
Microsoft Visual Studio Solution File, Format Version 12.00
# Visual Studio 14
VisualStudioVersion = 14.0.23107.0
MinimumVisualStudioVersion = 10.0.40219.1
Project("{FAE04EC0-301F-11D3-BF4B-00C04F79EFBC}") = "ZstShowtime", "ZstShowtime\ZstShowtime.csproj", "{62ED8430-5263-442D-9D2F-62B92E9DC528}"
	ProjectSection(ProjectDependencies) = postProject
		{A9AE40FF-1A21-414A-9FE7-3BE13644CC6D} = {A9AE40FF-1A21-414A-9FE7-3BE13644CC6D}
	EndProjectSection
EndProject
Project("{FAE04EC0-301F-11D3-BF4B-00C04F79EFBC}") = "ZstTestClient", "ZstTestClient\ZstTestClient.csproj", "{246588D3-1C3E-4E82-98D5-69DA8FF76DA5}"
	ProjectSection(ProjectDependencies) = postProject
		{FA712B74-D68A-4053-BB0F-A3ED1FBEABC1} = {FA712B74-D68A-4053-BB0F-A3ED1FBEABC1}
	EndProjectSection
EndProject
Project("{FAE04EC0-301F-11D3-BF4B-00C04F79EFBC}") = "ZstStage", "ZstStage\ZstStage.csproj", "{CA5A98DC-0E4F-4B99-9277-CCA429310109}"
	ProjectSection(ProjectDependencies) = postProject
		{62ED8430-5263-442D-9D2F-62B92E9DC528} = {62ED8430-5263-442D-9D2F-62B92E9DC528}
		{A9AE40FF-1A21-414A-9FE7-3BE13644CC6D} = {A9AE40FF-1A21-414A-9FE7-3BE13644CC6D}
	EndProjectSection
EndProject
Project("{FAE04EC0-301F-11D3-BF4B-00C04F79EFBC}") = "ZstGetSongLayout", "ZstGetSongLayout\ZstGetSongLayout.csproj", "{18D7CF69-9112-49B8-8A4E-2A07094F46FF}"
EndProject
Project("{FAE04EC0-301F-11D3-BF4B-00C04F79EFBC}") = "ZstStageDiscovery", "ZstStageDiscovery\ZstStageDiscovery.csproj", "{7EB5F178-22A9-4134-832E-84B17D40B577}"
EndProject
Project("{FAE04EC0-301F-11D3-BF4B-00C04F79EFBC}") = "AsyncIO.Unity", "..\libraries\AsyncIO\Source\AsyncIO\AsyncIO.Unity.csproj", "{643764AA-60E3-4E6E-9188-1352B23C26A2}"
EndProject
Project("{FAE04EC0-301F-11D3-BF4B-00C04F79EFBC}") = "Mono.Zeroconf", "..\libraries\Mono.Zeroconf\src\Mono.Zeroconf\Mono.Zeroconf.csproj", "{5CF88E3A-13DD-4114-BAD9-DA826946516F}"
EndProject
Project("{FAE04EC0-301F-11D3-BF4B-00C04F79EFBC}") = "Mono.Zeroconf.Providers.Bonjour", "..\libraries\Mono.Zeroconf\src\Mono.Zeroconf.Providers.Bonjour\Mono.Zeroconf.Providers.Bonjour.csproj", "{623325E2-5821-4701-A40C-3759097008DD}"
EndProject
Project("{FAE04EC0-301F-11D3-BF4B-00C04F79EFBC}") = "Newtonsoft.Json.Net35", "..\libraries\Newtonsoft.Json.7.0r1\Source\Src\Newtonsoft.Json\Newtonsoft.Json.Net35.csproj", "{A9AE40FF-1A21-414A-9FE7-3BE13644CC6D}"
EndProject
Project("{FAE04EC0-301F-11D3-BF4B-00C04F79EFBC}") = "NetMQ3.5", "..\libraries\netmq\src\NetMQ\NetMQ3.5.csproj", "{FA712B74-D68A-4053-BB0F-A3ED1FBEABC1}"
EndProject
Global
	GlobalSection(SolutionConfigurationPlatforms) = preSolution
		Debug Static Lib|Any CPU = Debug Static Lib|Any CPU
		Debug Static Lib|Mixed Platforms = Debug Static Lib|Mixed Platforms
		Debug Static Lib|Win32 = Debug Static Lib|Win32
		Debug Static Lib|x64 = Debug Static Lib|x64
		Debug Static Lib|x86 = Debug Static Lib|x86
		Debug|Any CPU = Debug|Any CPU
		Debug|Mixed Platforms = Debug|Mixed Platforms
		Debug|Win32 = Debug|Win32
		Debug|x64 = Debug|x64
		Debug|x86 = Debug|x86
		Release Static Lib|Any CPU = Release Static Lib|Any CPU
		Release Static Lib|Mixed Platforms = Release Static Lib|Mixed Platforms
		Release Static Lib|Win32 = Release Static Lib|Win32
		Release Static Lib|x64 = Release Static Lib|x64
		Release Static Lib|x86 = Release Static Lib|x86
		Release|Any CPU = Release|Any CPU
		Release|Mixed Platforms = Release|Mixed Platforms
		Release|Win32 = Release|Win32
		Release|x64 = Release|x64
		Release|x86 = Release|x86
	EndGlobalSection
	GlobalSection(ProjectConfigurationPlatforms) = postSolution
		{62ED8430-5263-442D-9D2F-62B92E9DC528}.Debug Static Lib|Any CPU.ActiveCfg = Debug|Any CPU
		{62ED8430-5263-442D-9D2F-62B92E9DC528}.Debug Static Lib|Any CPU.Build.0 = Debug|Any CPU
		{62ED8430-5263-442D-9D2F-62B92E9DC528}.Debug Static Lib|Mixed Platforms.ActiveCfg = Debug|Any CPU
		{62ED8430-5263-442D-9D2F-62B92E9DC528}.Debug Static Lib|Mixed Platforms.Build.0 = Debug|Any CPU
		{62ED8430-5263-442D-9D2F-62B92E9DC528}.Debug Static Lib|Win32.ActiveCfg = Debug|Any CPU
		{62ED8430-5263-442D-9D2F-62B92E9DC528}.Debug Static Lib|x64.ActiveCfg = Debug|x64
		{62ED8430-5263-442D-9D2F-62B92E9DC528}.Debug Static Lib|x64.Build.0 = Debug|x64
		{62ED8430-5263-442D-9D2F-62B92E9DC528}.Debug Static Lib|x86.ActiveCfg = Debug|Any CPU
		{62ED8430-5263-442D-9D2F-62B92E9DC528}.Debug|Any CPU.ActiveCfg = Debug|Any CPU
		{62ED8430-5263-442D-9D2F-62B92E9DC528}.Debug|Any CPU.Build.0 = Debug|Any CPU
		{62ED8430-5263-442D-9D2F-62B92E9DC528}.Debug|Mixed Platforms.ActiveCfg = Debug|Any CPU
		{62ED8430-5263-442D-9D2F-62B92E9DC528}.Debug|Mixed Platforms.Build.0 = Debug|Any CPU
		{62ED8430-5263-442D-9D2F-62B92E9DC528}.Debug|Win32.ActiveCfg = Debug|Any CPU
		{62ED8430-5263-442D-9D2F-62B92E9DC528}.Debug|x64.ActiveCfg = Debug|x64
		{62ED8430-5263-442D-9D2F-62B92E9DC528}.Debug|x64.Build.0 = Debug|x64
		{62ED8430-5263-442D-9D2F-62B92E9DC528}.Debug|x86.ActiveCfg = Debug|Any CPU
		{62ED8430-5263-442D-9D2F-62B92E9DC528}.Release Static Lib|Any CPU.ActiveCfg = Release|Any CPU
		{62ED8430-5263-442D-9D2F-62B92E9DC528}.Release Static Lib|Any CPU.Build.0 = Release|Any CPU
		{62ED8430-5263-442D-9D2F-62B92E9DC528}.Release Static Lib|Mixed Platforms.ActiveCfg = Release|Any CPU
		{62ED8430-5263-442D-9D2F-62B92E9DC528}.Release Static Lib|Mixed Platforms.Build.0 = Release|Any CPU
		{62ED8430-5263-442D-9D2F-62B92E9DC528}.Release Static Lib|Win32.ActiveCfg = Release|Any CPU
		{62ED8430-5263-442D-9D2F-62B92E9DC528}.Release Static Lib|x64.ActiveCfg = Release|x64
		{62ED8430-5263-442D-9D2F-62B92E9DC528}.Release Static Lib|x64.Build.0 = Release|x64
		{62ED8430-5263-442D-9D2F-62B92E9DC528}.Release Static Lib|x86.ActiveCfg = Release|Any CPU
		{62ED8430-5263-442D-9D2F-62B92E9DC528}.Release|Any CPU.ActiveCfg = Release|Any CPU
		{62ED8430-5263-442D-9D2F-62B92E9DC528}.Release|Any CPU.Build.0 = Release|Any CPU
		{62ED8430-5263-442D-9D2F-62B92E9DC528}.Release|Mixed Platforms.ActiveCfg = Release|Any CPU
		{62ED8430-5263-442D-9D2F-62B92E9DC528}.Release|Mixed Platforms.Build.0 = Release|Any CPU
		{62ED8430-5263-442D-9D2F-62B92E9DC528}.Release|Win32.ActiveCfg = Release|Any CPU
		{62ED8430-5263-442D-9D2F-62B92E9DC528}.Release|x64.ActiveCfg = Release|x64
		{62ED8430-5263-442D-9D2F-62B92E9DC528}.Release|x64.Build.0 = Release|x64
		{62ED8430-5263-442D-9D2F-62B92E9DC528}.Release|x86.ActiveCfg = Release|Any CPU
		{246588D3-1C3E-4E82-98D5-69DA8FF76DA5}.Debug Static Lib|Any CPU.ActiveCfg = Debug|Any CPU
		{246588D3-1C3E-4E82-98D5-69DA8FF76DA5}.Debug Static Lib|Any CPU.Build.0 = Debug|Any CPU
		{246588D3-1C3E-4E82-98D5-69DA8FF76DA5}.Debug Static Lib|Mixed Platforms.ActiveCfg = Debug|Any CPU
		{246588D3-1C3E-4E82-98D5-69DA8FF76DA5}.Debug Static Lib|Mixed Platforms.Build.0 = Debug|Any CPU
		{246588D3-1C3E-4E82-98D5-69DA8FF76DA5}.Debug Static Lib|Win32.ActiveCfg = Debug|Any CPU
		{246588D3-1C3E-4E82-98D5-69DA8FF76DA5}.Debug Static Lib|x64.ActiveCfg = Debug|x64
		{246588D3-1C3E-4E82-98D5-69DA8FF76DA5}.Debug Static Lib|x64.Build.0 = Debug|x64
		{246588D3-1C3E-4E82-98D5-69DA8FF76DA5}.Debug Static Lib|x86.ActiveCfg = Debug|Any CPU
		{246588D3-1C3E-4E82-98D5-69DA8FF76DA5}.Debug|Any CPU.ActiveCfg = Debug|Any CPU
		{246588D3-1C3E-4E82-98D5-69DA8FF76DA5}.Debug|Any CPU.Build.0 = Debug|Any CPU
		{246588D3-1C3E-4E82-98D5-69DA8FF76DA5}.Debug|Mixed Platforms.ActiveCfg = Debug|Any CPU
		{246588D3-1C3E-4E82-98D5-69DA8FF76DA5}.Debug|Mixed Platforms.Build.0 = Debug|Any CPU
		{246588D3-1C3E-4E82-98D5-69DA8FF76DA5}.Debug|Win32.ActiveCfg = Debug|Any CPU
		{246588D3-1C3E-4E82-98D5-69DA8FF76DA5}.Debug|x64.ActiveCfg = Debug|Any CPU
		{246588D3-1C3E-4E82-98D5-69DA8FF76DA5}.Debug|x86.ActiveCfg = Debug|Any CPU
		{246588D3-1C3E-4E82-98D5-69DA8FF76DA5}.Release Static Lib|Any CPU.ActiveCfg = Release|Any CPU
		{246588D3-1C3E-4E82-98D5-69DA8FF76DA5}.Release Static Lib|Any CPU.Build.0 = Release|Any CPU
		{246588D3-1C3E-4E82-98D5-69DA8FF76DA5}.Release Static Lib|Mixed Platforms.ActiveCfg = Release|Any CPU
		{246588D3-1C3E-4E82-98D5-69DA8FF76DA5}.Release Static Lib|Mixed Platforms.Build.0 = Release|Any CPU
		{246588D3-1C3E-4E82-98D5-69DA8FF76DA5}.Release Static Lib|Win32.ActiveCfg = Release|Any CPU
		{246588D3-1C3E-4E82-98D5-69DA8FF76DA5}.Release Static Lib|x64.ActiveCfg = Release|x64
		{246588D3-1C3E-4E82-98D5-69DA8FF76DA5}.Release Static Lib|x64.Build.0 = Release|x64
		{246588D3-1C3E-4E82-98D5-69DA8FF76DA5}.Release Static Lib|x86.ActiveCfg = Release|Any CPU
		{246588D3-1C3E-4E82-98D5-69DA8FF76DA5}.Release|Any CPU.ActiveCfg = Release|Any CPU
		{246588D3-1C3E-4E82-98D5-69DA8FF76DA5}.Release|Any CPU.Build.0 = Release|Any CPU
		{246588D3-1C3E-4E82-98D5-69DA8FF76DA5}.Release|Mixed Platforms.ActiveCfg = Release|Any CPU
		{246588D3-1C3E-4E82-98D5-69DA8FF76DA5}.Release|Mixed Platforms.Build.0 = Release|Any CPU
		{246588D3-1C3E-4E82-98D5-69DA8FF76DA5}.Release|Win32.ActiveCfg = Release|Any CPU
		{246588D3-1C3E-4E82-98D5-69DA8FF76DA5}.Release|x64.ActiveCfg = Release|x64
		{246588D3-1C3E-4E82-98D5-69DA8FF76DA5}.Release|x64.Build.0 = Release|x64
		{246588D3-1C3E-4E82-98D5-69DA8FF76DA5}.Release|x86.ActiveCfg = Release|Any CPU
		{CA5A98DC-0E4F-4B99-9277-CCA429310109}.Debug Static Lib|Any CPU.ActiveCfg = Debug|Any CPU
		{CA5A98DC-0E4F-4B99-9277-CCA429310109}.Debug Static Lib|Any CPU.Build.0 = Debug|Any CPU
		{CA5A98DC-0E4F-4B99-9277-CCA429310109}.Debug Static Lib|Mixed Platforms.ActiveCfg = Debug|Any CPU
		{CA5A98DC-0E4F-4B99-9277-CCA429310109}.Debug Static Lib|Mixed Platforms.Build.0 = Debug|Any CPU
		{CA5A98DC-0E4F-4B99-9277-CCA429310109}.Debug Static Lib|Win32.ActiveCfg = Debug|Any CPU
		{CA5A98DC-0E4F-4B99-9277-CCA429310109}.Debug Static Lib|x64.ActiveCfg = Debug|x64
		{CA5A98DC-0E4F-4B99-9277-CCA429310109}.Debug Static Lib|x64.Build.0 = Debug|x64
		{CA5A98DC-0E4F-4B99-9277-CCA429310109}.Debug Static Lib|x86.ActiveCfg = Debug|Any CPU
		{CA5A98DC-0E4F-4B99-9277-CCA429310109}.Debug|Any CPU.ActiveCfg = Debug|Any CPU
		{CA5A98DC-0E4F-4B99-9277-CCA429310109}.Debug|Any CPU.Build.0 = Debug|Any CPU
		{CA5A98DC-0E4F-4B99-9277-CCA429310109}.Debug|Mixed Platforms.ActiveCfg = Debug|Any CPU
		{CA5A98DC-0E4F-4B99-9277-CCA429310109}.Debug|Mixed Platforms.Build.0 = Debug|Any CPU
		{CA5A98DC-0E4F-4B99-9277-CCA429310109}.Debug|Win32.ActiveCfg = Debug|Any CPU
		{CA5A98DC-0E4F-4B99-9277-CCA429310109}.Debug|x64.ActiveCfg = Debug|Any CPU
		{CA5A98DC-0E4F-4B99-9277-CCA429310109}.Debug|x86.ActiveCfg = Debug|Any CPU
		{CA5A98DC-0E4F-4B99-9277-CCA429310109}.Release Static Lib|Any CPU.ActiveCfg = Release|Any CPU
		{CA5A98DC-0E4F-4B99-9277-CCA429310109}.Release Static Lib|Any CPU.Build.0 = Release|Any CPU
		{CA5A98DC-0E4F-4B99-9277-CCA429310109}.Release Static Lib|Mixed Platforms.ActiveCfg = Release|Any CPU
		{CA5A98DC-0E4F-4B99-9277-CCA429310109}.Release Static Lib|Mixed Platforms.Build.0 = Release|Any CPU
		{CA5A98DC-0E4F-4B99-9277-CCA429310109}.Release Static Lib|Win32.ActiveCfg = Release|Any CPU
		{CA5A98DC-0E4F-4B99-9277-CCA429310109}.Release Static Lib|x64.ActiveCfg = Release|x64
		{CA5A98DC-0E4F-4B99-9277-CCA429310109}.Release Static Lib|x64.Build.0 = Release|x64
		{CA5A98DC-0E4F-4B99-9277-CCA429310109}.Release Static Lib|x86.ActiveCfg = Release|Any CPU
		{CA5A98DC-0E4F-4B99-9277-CCA429310109}.Release|Any CPU.ActiveCfg = Release|Any CPU
		{CA5A98DC-0E4F-4B99-9277-CCA429310109}.Release|Any CPU.Build.0 = Release|Any CPU
		{CA5A98DC-0E4F-4B99-9277-CCA429310109}.Release|Mixed Platforms.ActiveCfg = Release|Any CPU
		{CA5A98DC-0E4F-4B99-9277-CCA429310109}.Release|Mixed Platforms.Build.0 = Release|Any CPU
		{CA5A98DC-0E4F-4B99-9277-CCA429310109}.Release|Win32.ActiveCfg = Release|Any CPU
		{CA5A98DC-0E4F-4B99-9277-CCA429310109}.Release|x64.ActiveCfg = Release|x64
		{CA5A98DC-0E4F-4B99-9277-CCA429310109}.Release|x64.Build.0 = Release|x64
		{CA5A98DC-0E4F-4B99-9277-CCA429310109}.Release|x86.ActiveCfg = Release|Any CPU
		{18D7CF69-9112-49B8-8A4E-2A07094F46FF}.Debug Static Lib|Any CPU.ActiveCfg = Debug|Any CPU
		{18D7CF69-9112-49B8-8A4E-2A07094F46FF}.Debug Static Lib|Any CPU.Build.0 = Debug|Any CPU
		{18D7CF69-9112-49B8-8A4E-2A07094F46FF}.Debug Static Lib|Mixed Platforms.ActiveCfg = Debug|Any CPU
		{18D7CF69-9112-49B8-8A4E-2A07094F46FF}.Debug Static Lib|Mixed Platforms.Build.0 = Debug|Any CPU
		{18D7CF69-9112-49B8-8A4E-2A07094F46FF}.Debug Static Lib|Win32.ActiveCfg = Debug|Any CPU
		{18D7CF69-9112-49B8-8A4E-2A07094F46FF}.Debug Static Lib|x64.ActiveCfg = Debug|x64
		{18D7CF69-9112-49B8-8A4E-2A07094F46FF}.Debug Static Lib|x64.Build.0 = Debug|x64
		{18D7CF69-9112-49B8-8A4E-2A07094F46FF}.Debug Static Lib|x86.ActiveCfg = Debug|Any CPU
		{18D7CF69-9112-49B8-8A4E-2A07094F46FF}.Debug|Any CPU.ActiveCfg = Debug|Any CPU
		{18D7CF69-9112-49B8-8A4E-2A07094F46FF}.Debug|Any CPU.Build.0 = Debug|Any CPU
		{18D7CF69-9112-49B8-8A4E-2A07094F46FF}.Debug|Mixed Platforms.ActiveCfg = Debug|Any CPU
		{18D7CF69-9112-49B8-8A4E-2A07094F46FF}.Debug|Mixed Platforms.Build.0 = Debug|Any CPU
		{18D7CF69-9112-49B8-8A4E-2A07094F46FF}.Debug|Win32.ActiveCfg = Debug|Any CPU
		{18D7CF69-9112-49B8-8A4E-2A07094F46FF}.Debug|x64.ActiveCfg = Debug|Any CPU
		{18D7CF69-9112-49B8-8A4E-2A07094F46FF}.Debug|x86.ActiveCfg = Debug|Any CPU
		{18D7CF69-9112-49B8-8A4E-2A07094F46FF}.Release Static Lib|Any CPU.ActiveCfg = Release|Any CPU
		{18D7CF69-9112-49B8-8A4E-2A07094F46FF}.Release Static Lib|Any CPU.Build.0 = Release|Any CPU
		{18D7CF69-9112-49B8-8A4E-2A07094F46FF}.Release Static Lib|Mixed Platforms.ActiveCfg = Release|Any CPU
		{18D7CF69-9112-49B8-8A4E-2A07094F46FF}.Release Static Lib|Mixed Platforms.Build.0 = Release|Any CPU
		{18D7CF69-9112-49B8-8A4E-2A07094F46FF}.Release Static Lib|Win32.ActiveCfg = Release|Any CPU
		{18D7CF69-9112-49B8-8A4E-2A07094F46FF}.Release Static Lib|x64.ActiveCfg = Release|x64
		{18D7CF69-9112-49B8-8A4E-2A07094F46FF}.Release Static Lib|x64.Build.0 = Release|x64
		{18D7CF69-9112-49B8-8A4E-2A07094F46FF}.Release Static Lib|x86.ActiveCfg = Release|Any CPU
		{18D7CF69-9112-49B8-8A4E-2A07094F46FF}.Release|Any CPU.ActiveCfg = Release|Any CPU
		{18D7CF69-9112-49B8-8A4E-2A07094F46FF}.Release|Any CPU.Build.0 = Release|Any CPU
		{18D7CF69-9112-49B8-8A4E-2A07094F46FF}.Release|Mixed Platforms.ActiveCfg = Release|Any CPU
		{18D7CF69-9112-49B8-8A4E-2A07094F46FF}.Release|Mixed Platforms.Build.0 = Release|Any CPU
		{18D7CF69-9112-49B8-8A4E-2A07094F46FF}.Release|Win32.ActiveCfg = Release|Any CPU
		{18D7CF69-9112-49B8-8A4E-2A07094F46FF}.Release|x64.ActiveCfg = Release|x64
		{18D7CF69-9112-49B8-8A4E-2A07094F46FF}.Release|x64.Build.0 = Release|x64
		{18D7CF69-9112-49B8-8A4E-2A07094F46FF}.Release|x86.ActiveCfg = Release|Any CPU
		{7EB5F178-22A9-4134-832E-84B17D40B577}.Debug Static Lib|Any CPU.ActiveCfg = Debug|Any CPU
		{7EB5F178-22A9-4134-832E-84B17D40B577}.Debug Static Lib|Any CPU.Build.0 = Debug|Any CPU
		{7EB5F178-22A9-4134-832E-84B17D40B577}.Debug Static Lib|Mixed Platforms.ActiveCfg = Debug|Any CPU
		{7EB5F178-22A9-4134-832E-84B17D40B577}.Debug Static Lib|Mixed Platforms.Build.0 = Debug|Any CPU
		{7EB5F178-22A9-4134-832E-84B17D40B577}.Debug Static Lib|Win32.ActiveCfg = Debug|Any CPU
		{7EB5F178-22A9-4134-832E-84B17D40B577}.Debug Static Lib|Win32.Build.0 = Debug|Any CPU
		{7EB5F178-22A9-4134-832E-84B17D40B577}.Debug Static Lib|x64.ActiveCfg = Debug|Any CPU
		{7EB5F178-22A9-4134-832E-84B17D40B577}.Debug Static Lib|x64.Build.0 = Debug|Any CPU
		{7EB5F178-22A9-4134-832E-84B17D40B577}.Debug Static Lib|x86.ActiveCfg = Debug|Any CPU
		{7EB5F178-22A9-4134-832E-84B17D40B577}.Debug Static Lib|x86.Build.0 = Debug|Any CPU
		{7EB5F178-22A9-4134-832E-84B17D40B577}.Debug|Any CPU.ActiveCfg = Debug|Any CPU
		{7EB5F178-22A9-4134-832E-84B17D40B577}.Debug|Any CPU.Build.0 = Debug|Any CPU
		{7EB5F178-22A9-4134-832E-84B17D40B577}.Debug|Mixed Platforms.ActiveCfg = Debug|Any CPU
		{7EB5F178-22A9-4134-832E-84B17D40B577}.Debug|Mixed Platforms.Build.0 = Debug|Any CPU
		{7EB5F178-22A9-4134-832E-84B17D40B577}.Debug|Win32.ActiveCfg = Debug|Any CPU
		{7EB5F178-22A9-4134-832E-84B17D40B577}.Debug|Win32.Build.0 = Debug|Any CPU
		{7EB5F178-22A9-4134-832E-84B17D40B577}.Debug|x64.ActiveCfg = Debug|Any CPU
		{7EB5F178-22A9-4134-832E-84B17D40B577}.Debug|x64.Build.0 = Debug|Any CPU
		{7EB5F178-22A9-4134-832E-84B17D40B577}.Debug|x86.ActiveCfg = Debug|Any CPU
		{7EB5F178-22A9-4134-832E-84B17D40B577}.Debug|x86.Build.0 = Debug|Any CPU
		{7EB5F178-22A9-4134-832E-84B17D40B577}.Release Static Lib|Any CPU.ActiveCfg = Release|Any CPU
		{7EB5F178-22A9-4134-832E-84B17D40B577}.Release Static Lib|Any CPU.Build.0 = Release|Any CPU
		{7EB5F178-22A9-4134-832E-84B17D40B577}.Release Static Lib|Mixed Platforms.ActiveCfg = Release|Any CPU
		{7EB5F178-22A9-4134-832E-84B17D40B577}.Release Static Lib|Mixed Platforms.Build.0 = Release|Any CPU
		{7EB5F178-22A9-4134-832E-84B17D40B577}.Release Static Lib|Win32.ActiveCfg = Release|Any CPU
		{7EB5F178-22A9-4134-832E-84B17D40B577}.Release Static Lib|Win32.Build.0 = Release|Any CPU
		{7EB5F178-22A9-4134-832E-84B17D40B577}.Release Static Lib|x64.ActiveCfg = Release|Any CPU
		{7EB5F178-22A9-4134-832E-84B17D40B577}.Release Static Lib|x64.Build.0 = Release|Any CPU
		{7EB5F178-22A9-4134-832E-84B17D40B577}.Release Static Lib|x86.ActiveCfg = Release|Any CPU
		{7EB5F178-22A9-4134-832E-84B17D40B577}.Release Static Lib|x86.Build.0 = Release|Any CPU
		{7EB5F178-22A9-4134-832E-84B17D40B577}.Release|Any CPU.ActiveCfg = Release|Any CPU
		{7EB5F178-22A9-4134-832E-84B17D40B577}.Release|Any CPU.Build.0 = Release|Any CPU
		{7EB5F178-22A9-4134-832E-84B17D40B577}.Release|Mixed Platforms.ActiveCfg = Release|Any CPU
		{7EB5F178-22A9-4134-832E-84B17D40B577}.Release|Mixed Platforms.Build.0 = Release|Any CPU
		{7EB5F178-22A9-4134-832E-84B17D40B577}.Release|Win32.ActiveCfg = Release|Any CPU
		{7EB5F178-22A9-4134-832E-84B17D40B577}.Release|Win32.Build.0 = Release|Any CPU
		{7EB5F178-22A9-4134-832E-84B17D40B577}.Release|x64.ActiveCfg = Release|Any CPU
		{7EB5F178-22A9-4134-832E-84B17D40B577}.Release|x64.Build.0 = Release|Any CPU
		{7EB5F178-22A9-4134-832E-84B17D40B577}.Release|x86.ActiveCfg = Release|Any CPU
		{7EB5F178-22A9-4134-832E-84B17D40B577}.Release|x86.Build.0 = Release|Any CPU
		{643764AA-60E3-4E6E-9188-1352B23C26A2}.Debug Static Lib|Any CPU.ActiveCfg = Debug|Any CPU
		{643764AA-60E3-4E6E-9188-1352B23C26A2}.Debug Static Lib|Any CPU.Build.0 = Debug|Any CPU
		{643764AA-60E3-4E6E-9188-1352B23C26A2}.Debug Static Lib|Mixed Platforms.ActiveCfg = Debug|Any CPU
		{643764AA-60E3-4E6E-9188-1352B23C26A2}.Debug Static Lib|Mixed Platforms.Build.0 = Debug|Any CPU
		{643764AA-60E3-4E6E-9188-1352B23C26A2}.Debug Static Lib|Win32.ActiveCfg = Debug|Any CPU
		{643764AA-60E3-4E6E-9188-1352B23C26A2}.Debug Static Lib|Win32.Build.0 = Debug|Any CPU
		{643764AA-60E3-4E6E-9188-1352B23C26A2}.Debug Static Lib|x64.ActiveCfg = Debug|Any CPU
		{643764AA-60E3-4E6E-9188-1352B23C26A2}.Debug Static Lib|x64.Build.0 = Debug|Any CPU
		{643764AA-60E3-4E6E-9188-1352B23C26A2}.Debug Static Lib|x86.ActiveCfg = Debug|Any CPU
		{643764AA-60E3-4E6E-9188-1352B23C26A2}.Debug Static Lib|x86.Build.0 = Debug|Any CPU
		{643764AA-60E3-4E6E-9188-1352B23C26A2}.Debug|Any CPU.ActiveCfg = Debug|Any CPU
		{643764AA-60E3-4E6E-9188-1352B23C26A2}.Debug|Any CPU.Build.0 = Debug|Any CPU
		{643764AA-60E3-4E6E-9188-1352B23C26A2}.Debug|Mixed Platforms.ActiveCfg = Debug|Any CPU
		{643764AA-60E3-4E6E-9188-1352B23C26A2}.Debug|Mixed Platforms.Build.0 = Debug|Any CPU
		{643764AA-60E3-4E6E-9188-1352B23C26A2}.Debug|Win32.ActiveCfg = Debug|Any CPU
		{643764AA-60E3-4E6E-9188-1352B23C26A2}.Debug|Win32.Build.0 = Debug|Any CPU
		{643764AA-60E3-4E6E-9188-1352B23C26A2}.Debug|x64.ActiveCfg = Debug|Any CPU
		{643764AA-60E3-4E6E-9188-1352B23C26A2}.Debug|x64.Build.0 = Debug|Any CPU
		{643764AA-60E3-4E6E-9188-1352B23C26A2}.Debug|x86.ActiveCfg = Debug|Any CPU
		{643764AA-60E3-4E6E-9188-1352B23C26A2}.Debug|x86.Build.0 = Debug|Any CPU
		{643764AA-60E3-4E6E-9188-1352B23C26A2}.Release Static Lib|Any CPU.ActiveCfg = Release|Any CPU
		{643764AA-60E3-4E6E-9188-1352B23C26A2}.Release Static Lib|Any CPU.Build.0 = Release|Any CPU
		{643764AA-60E3-4E6E-9188-1352B23C26A2}.Release Static Lib|Mixed Platforms.ActiveCfg = Release|Any CPU
		{643764AA-60E3-4E6E-9188-1352B23C26A2}.Release Static Lib|Mixed Platforms.Build.0 = Release|Any CPU
		{643764AA-60E3-4E6E-9188-1352B23C26A2}.Release Static Lib|Win32.ActiveCfg = Release|Any CPU
		{643764AA-60E3-4E6E-9188-1352B23C26A2}.Release Static Lib|Win32.Build.0 = Release|Any CPU
		{643764AA-60E3-4E6E-9188-1352B23C26A2}.Release Static Lib|x64.ActiveCfg = Release|Any CPU
		{643764AA-60E3-4E6E-9188-1352B23C26A2}.Release Static Lib|x64.Build.0 = Release|Any CPU
		{643764AA-60E3-4E6E-9188-1352B23C26A2}.Release Static Lib|x86.ActiveCfg = Release|Any CPU
		{643764AA-60E3-4E6E-9188-1352B23C26A2}.Release Static Lib|x86.Build.0 = Release|Any CPU
		{643764AA-60E3-4E6E-9188-1352B23C26A2}.Release|Any CPU.ActiveCfg = Release|Any CPU
		{643764AA-60E3-4E6E-9188-1352B23C26A2}.Release|Any CPU.Build.0 = Release|Any CPU
		{643764AA-60E3-4E6E-9188-1352B23C26A2}.Release|Mixed Platforms.ActiveCfg = Release|Any CPU
		{643764AA-60E3-4E6E-9188-1352B23C26A2}.Release|Mixed Platforms.Build.0 = Release|Any CPU
		{643764AA-60E3-4E6E-9188-1352B23C26A2}.Release|Win32.ActiveCfg = Release|Any CPU
		{643764AA-60E3-4E6E-9188-1352B23C26A2}.Release|Win32.Build.0 = Release|Any CPU
		{643764AA-60E3-4E6E-9188-1352B23C26A2}.Release|x64.ActiveCfg = Release|Any CPU
		{643764AA-60E3-4E6E-9188-1352B23C26A2}.Release|x64.Build.0 = Release|Any CPU
		{643764AA-60E3-4E6E-9188-1352B23C26A2}.Release|x86.ActiveCfg = Release|Any CPU
		{643764AA-60E3-4E6E-9188-1352B23C26A2}.Release|x86.Build.0 = Release|Any CPU
		{5CF88E3A-13DD-4114-BAD9-DA826946516F}.Debug Static Lib|Any CPU.ActiveCfg = Debug|Any CPU
		{5CF88E3A-13DD-4114-BAD9-DA826946516F}.Debug Static Lib|Any CPU.Build.0 = Debug|Any CPU
		{5CF88E3A-13DD-4114-BAD9-DA826946516F}.Debug Static Lib|Mixed Platforms.ActiveCfg = Debug|Any CPU
		{5CF88E3A-13DD-4114-BAD9-DA826946516F}.Debug Static Lib|Mixed Platforms.Build.0 = Debug|Any CPU
		{5CF88E3A-13DD-4114-BAD9-DA826946516F}.Debug Static Lib|Win32.ActiveCfg = Debug|Any CPU
		{5CF88E3A-13DD-4114-BAD9-DA826946516F}.Debug Static Lib|Win32.Build.0 = Debug|Any CPU
		{5CF88E3A-13DD-4114-BAD9-DA826946516F}.Debug Static Lib|x64.ActiveCfg = Debug|Any CPU
		{5CF88E3A-13DD-4114-BAD9-DA826946516F}.Debug Static Lib|x64.Build.0 = Debug|Any CPU
		{5CF88E3A-13DD-4114-BAD9-DA826946516F}.Debug Static Lib|x86.ActiveCfg = Debug|Any CPU
		{5CF88E3A-13DD-4114-BAD9-DA826946516F}.Debug Static Lib|x86.Build.0 = Debug|Any CPU
		{5CF88E3A-13DD-4114-BAD9-DA826946516F}.Debug|Any CPU.ActiveCfg = Debug|Any CPU
		{5CF88E3A-13DD-4114-BAD9-DA826946516F}.Debug|Any CPU.Build.0 = Debug|Any CPU
		{5CF88E3A-13DD-4114-BAD9-DA826946516F}.Debug|Mixed Platforms.ActiveCfg = Debug|Any CPU
		{5CF88E3A-13DD-4114-BAD9-DA826946516F}.Debug|Mixed Platforms.Build.0 = Debug|Any CPU
		{5CF88E3A-13DD-4114-BAD9-DA826946516F}.Debug|Win32.ActiveCfg = Debug|Any CPU
		{5CF88E3A-13DD-4114-BAD9-DA826946516F}.Debug|Win32.Build.0 = Debug|Any CPU
		{5CF88E3A-13DD-4114-BAD9-DA826946516F}.Debug|x64.ActiveCfg = Debug|Any CPU
		{5CF88E3A-13DD-4114-BAD9-DA826946516F}.Debug|x64.Build.0 = Debug|Any CPU
		{5CF88E3A-13DD-4114-BAD9-DA826946516F}.Debug|x86.ActiveCfg = Debug|Any CPU
		{5CF88E3A-13DD-4114-BAD9-DA826946516F}.Debug|x86.Build.0 = Debug|Any CPU
		{5CF88E3A-13DD-4114-BAD9-DA826946516F}.Release Static Lib|Any CPU.ActiveCfg = Debug|Any CPU
		{5CF88E3A-13DD-4114-BAD9-DA826946516F}.Release Static Lib|Any CPU.Build.0 = Debug|Any CPU
		{5CF88E3A-13DD-4114-BAD9-DA826946516F}.Release Static Lib|Mixed Platforms.ActiveCfg = Debug|Any CPU
		{5CF88E3A-13DD-4114-BAD9-DA826946516F}.Release Static Lib|Mixed Platforms.Build.0 = Debug|Any CPU
		{5CF88E3A-13DD-4114-BAD9-DA826946516F}.Release Static Lib|Win32.ActiveCfg = Debug|Any CPU
		{5CF88E3A-13DD-4114-BAD9-DA826946516F}.Release Static Lib|Win32.Build.0 = Debug|Any CPU
		{5CF88E3A-13DD-4114-BAD9-DA826946516F}.Release Static Lib|x64.ActiveCfg = Debug|Any CPU
		{5CF88E3A-13DD-4114-BAD9-DA826946516F}.Release Static Lib|x64.Build.0 = Debug|Any CPU
		{5CF88E3A-13DD-4114-BAD9-DA826946516F}.Release Static Lib|x86.ActiveCfg = Debug|Any CPU
		{5CF88E3A-13DD-4114-BAD9-DA826946516F}.Release Static Lib|x86.Build.0 = Debug|Any CPU
		{5CF88E3A-13DD-4114-BAD9-DA826946516F}.Release|Any CPU.ActiveCfg = Debug|Any CPU
		{5CF88E3A-13DD-4114-BAD9-DA826946516F}.Release|Any CPU.Build.0 = Debug|Any CPU
		{5CF88E3A-13DD-4114-BAD9-DA826946516F}.Release|Mixed Platforms.ActiveCfg = Debug|Any CPU
		{5CF88E3A-13DD-4114-BAD9-DA826946516F}.Release|Mixed Platforms.Build.0 = Debug|Any CPU
		{5CF88E3A-13DD-4114-BAD9-DA826946516F}.Release|Win32.ActiveCfg = Debug|Any CPU
		{5CF88E3A-13DD-4114-BAD9-DA826946516F}.Release|Win32.Build.0 = Debug|Any CPU
		{5CF88E3A-13DD-4114-BAD9-DA826946516F}.Release|x64.ActiveCfg = Debug|Any CPU
		{5CF88E3A-13DD-4114-BAD9-DA826946516F}.Release|x64.Build.0 = Debug|Any CPU
		{5CF88E3A-13DD-4114-BAD9-DA826946516F}.Release|x86.ActiveCfg = Debug|Any CPU
		{5CF88E3A-13DD-4114-BAD9-DA826946516F}.Release|x86.Build.0 = Debug|Any CPU
		{623325E2-5821-4701-A40C-3759097008DD}.Debug Static Lib|Any CPU.ActiveCfg = Debug|Any CPU
		{623325E2-5821-4701-A40C-3759097008DD}.Debug Static Lib|Any CPU.Build.0 = Debug|Any CPU
		{623325E2-5821-4701-A40C-3759097008DD}.Debug Static Lib|Mixed Platforms.ActiveCfg = Debug|Any CPU
		{623325E2-5821-4701-A40C-3759097008DD}.Debug Static Lib|Mixed Platforms.Build.0 = Debug|Any CPU
		{623325E2-5821-4701-A40C-3759097008DD}.Debug Static Lib|Win32.ActiveCfg = Debug|Any CPU
		{623325E2-5821-4701-A40C-3759097008DD}.Debug Static Lib|Win32.Build.0 = Debug|Any CPU
		{623325E2-5821-4701-A40C-3759097008DD}.Debug Static Lib|x64.ActiveCfg = Debug|Any CPU
		{623325E2-5821-4701-A40C-3759097008DD}.Debug Static Lib|x64.Build.0 = Debug|Any CPU
		{623325E2-5821-4701-A40C-3759097008DD}.Debug Static Lib|x86.ActiveCfg = Debug|Any CPU
		{623325E2-5821-4701-A40C-3759097008DD}.Debug Static Lib|x86.Build.0 = Debug|Any CPU
		{623325E2-5821-4701-A40C-3759097008DD}.Debug|Any CPU.ActiveCfg = Debug|Any CPU
		{623325E2-5821-4701-A40C-3759097008DD}.Debug|Any CPU.Build.0 = Debug|Any CPU
		{623325E2-5821-4701-A40C-3759097008DD}.Debug|Mixed Platforms.ActiveCfg = Debug|Any CPU
		{623325E2-5821-4701-A40C-3759097008DD}.Debug|Mixed Platforms.Build.0 = Debug|Any CPU
		{623325E2-5821-4701-A40C-3759097008DD}.Debug|Win32.ActiveCfg = Debug|Any CPU
		{623325E2-5821-4701-A40C-3759097008DD}.Debug|Win32.Build.0 = Debug|Any CPU
		{623325E2-5821-4701-A40C-3759097008DD}.Debug|x64.ActiveCfg = Debug|Any CPU
		{623325E2-5821-4701-A40C-3759097008DD}.Debug|x64.Build.0 = Debug|Any CPU
		{623325E2-5821-4701-A40C-3759097008DD}.Debug|x86.ActiveCfg = Debug|Any CPU
		{623325E2-5821-4701-A40C-3759097008DD}.Debug|x86.Build.0 = Debug|Any CPU
		{623325E2-5821-4701-A40C-3759097008DD}.Release Static Lib|Any CPU.ActiveCfg = Debug|Any CPU
		{623325E2-5821-4701-A40C-3759097008DD}.Release Static Lib|Any CPU.Build.0 = Debug|Any CPU
		{623325E2-5821-4701-A40C-3759097008DD}.Release Static Lib|Mixed Platforms.ActiveCfg = Debug|Any CPU
		{623325E2-5821-4701-A40C-3759097008DD}.Release Static Lib|Mixed Platforms.Build.0 = Debug|Any CPU
		{623325E2-5821-4701-A40C-3759097008DD}.Release Static Lib|Win32.ActiveCfg = Debug|Any CPU
		{623325E2-5821-4701-A40C-3759097008DD}.Release Static Lib|Win32.Build.0 = Debug|Any CPU
		{623325E2-5821-4701-A40C-3759097008DD}.Release Static Lib|x64.ActiveCfg = Debug|Any CPU
		{623325E2-5821-4701-A40C-3759097008DD}.Release Static Lib|x64.Build.0 = Debug|Any CPU
		{623325E2-5821-4701-A40C-3759097008DD}.Release Static Lib|x86.ActiveCfg = Debug|Any CPU
		{623325E2-5821-4701-A40C-3759097008DD}.Release Static Lib|x86.Build.0 = Debug|Any CPU
		{623325E2-5821-4701-A40C-3759097008DD}.Release|Any CPU.ActiveCfg = Debug|Any CPU
		{623325E2-5821-4701-A40C-3759097008DD}.Release|Any CPU.Build.0 = Debug|Any CPU
		{623325E2-5821-4701-A40C-3759097008DD}.Release|Mixed Platforms.ActiveCfg = Debug|Any CPU
		{623325E2-5821-4701-A40C-3759097008DD}.Release|Mixed Platforms.Build.0 = Debug|Any CPU
		{623325E2-5821-4701-A40C-3759097008DD}.Release|Win32.ActiveCfg = Debug|Any CPU
		{623325E2-5821-4701-A40C-3759097008DD}.Release|Win32.Build.0 = Debug|Any CPU
		{623325E2-5821-4701-A40C-3759097008DD}.Release|x64.ActiveCfg = Debug|Any CPU
		{623325E2-5821-4701-A40C-3759097008DD}.Release|x64.Build.0 = Debug|Any CPU
		{623325E2-5821-4701-A40C-3759097008DD}.Release|x86.ActiveCfg = Debug|Any CPU
		{623325E2-5821-4701-A40C-3759097008DD}.Release|x86.Build.0 = Debug|Any CPU
		{A9AE40FF-1A21-414A-9FE7-3BE13644CC6D}.Debug Static Lib|Any CPU.ActiveCfg = Debug|Any CPU
		{A9AE40FF-1A21-414A-9FE7-3BE13644CC6D}.Debug Static Lib|Any CPU.Build.0 = Debug|Any CPU
		{A9AE40FF-1A21-414A-9FE7-3BE13644CC6D}.Debug Static Lib|Mixed Platforms.ActiveCfg = Debug|Any CPU
		{A9AE40FF-1A21-414A-9FE7-3BE13644CC6D}.Debug Static Lib|Mixed Platforms.Build.0 = Debug|Any CPU
		{A9AE40FF-1A21-414A-9FE7-3BE13644CC6D}.Debug Static Lib|Win32.ActiveCfg = Debug|Any CPU
		{A9AE40FF-1A21-414A-9FE7-3BE13644CC6D}.Debug Static Lib|Win32.Build.0 = Debug|Any CPU
		{A9AE40FF-1A21-414A-9FE7-3BE13644CC6D}.Debug Static Lib|x64.ActiveCfg = Debug|Any CPU
		{A9AE40FF-1A21-414A-9FE7-3BE13644CC6D}.Debug Static Lib|x64.Build.0 = Debug|Any CPU
		{A9AE40FF-1A21-414A-9FE7-3BE13644CC6D}.Debug Static Lib|x86.ActiveCfg = Debug|Any CPU
		{A9AE40FF-1A21-414A-9FE7-3BE13644CC6D}.Debug Static Lib|x86.Build.0 = Debug|Any CPU
		{A9AE40FF-1A21-414A-9FE7-3BE13644CC6D}.Debug|Any CPU.ActiveCfg = Debug|Any CPU
		{A9AE40FF-1A21-414A-9FE7-3BE13644CC6D}.Debug|Any CPU.Build.0 = Debug|Any CPU
		{A9AE40FF-1A21-414A-9FE7-3BE13644CC6D}.Debug|Mixed Platforms.ActiveCfg = Debug|Any CPU
		{A9AE40FF-1A21-414A-9FE7-3BE13644CC6D}.Debug|Mixed Platforms.Build.0 = Debug|Any CPU
		{A9AE40FF-1A21-414A-9FE7-3BE13644CC6D}.Debug|Win32.ActiveCfg = Debug|Any CPU
		{A9AE40FF-1A21-414A-9FE7-3BE13644CC6D}.Debug|Win32.Build.0 = Debug|Any CPU
		{A9AE40FF-1A21-414A-9FE7-3BE13644CC6D}.Debug|x64.ActiveCfg = Debug|Any CPU
		{A9AE40FF-1A21-414A-9FE7-3BE13644CC6D}.Debug|x64.Build.0 = Debug|Any CPU
		{A9AE40FF-1A21-414A-9FE7-3BE13644CC6D}.Debug|x86.ActiveCfg = Debug|Any CPU
		{A9AE40FF-1A21-414A-9FE7-3BE13644CC6D}.Debug|x86.Build.0 = Debug|Any CPU
		{A9AE40FF-1A21-414A-9FE7-3BE13644CC6D}.Release Static Lib|Any CPU.ActiveCfg = Release|Any CPU
		{A9AE40FF-1A21-414A-9FE7-3BE13644CC6D}.Release Static Lib|Any CPU.Build.0 = Release|Any CPU
		{A9AE40FF-1A21-414A-9FE7-3BE13644CC6D}.Release Static Lib|Mixed Platforms.ActiveCfg = Release|Any CPU
		{A9AE40FF-1A21-414A-9FE7-3BE13644CC6D}.Release Static Lib|Mixed Platforms.Build.0 = Release|Any CPU
		{A9AE40FF-1A21-414A-9FE7-3BE13644CC6D}.Release Static Lib|Win32.ActiveCfg = Release|Any CPU
		{A9AE40FF-1A21-414A-9FE7-3BE13644CC6D}.Release Static Lib|Win32.Build.0 = Release|Any CPU
		{A9AE40FF-1A21-414A-9FE7-3BE13644CC6D}.Release Static Lib|x64.ActiveCfg = Release|Any CPU
		{A9AE40FF-1A21-414A-9FE7-3BE13644CC6D}.Release Static Lib|x64.Build.0 = Release|Any CPU
		{A9AE40FF-1A21-414A-9FE7-3BE13644CC6D}.Release Static Lib|x86.ActiveCfg = Release|Any CPU
		{A9AE40FF-1A21-414A-9FE7-3BE13644CC6D}.Release Static Lib|x86.Build.0 = Release|Any CPU
		{A9AE40FF-1A21-414A-9FE7-3BE13644CC6D}.Release|Any CPU.ActiveCfg = Release|Any CPU
		{A9AE40FF-1A21-414A-9FE7-3BE13644CC6D}.Release|Any CPU.Build.0 = Release|Any CPU
		{A9AE40FF-1A21-414A-9FE7-3BE13644CC6D}.Release|Mixed Platforms.ActiveCfg = Release|Any CPU
		{A9AE40FF-1A21-414A-9FE7-3BE13644CC6D}.Release|Mixed Platforms.Build.0 = Release|Any CPU
		{A9AE40FF-1A21-414A-9FE7-3BE13644CC6D}.Release|Win32.ActiveCfg = Release|Any CPU
		{A9AE40FF-1A21-414A-9FE7-3BE13644CC6D}.Release|Win32.Build.0 = Release|Any CPU
		{A9AE40FF-1A21-414A-9FE7-3BE13644CC6D}.Release|x64.ActiveCfg = Release|Any CPU
		{A9AE40FF-1A21-414A-9FE7-3BE13644CC6D}.Release|x64.Build.0 = Release|Any CPU
		{A9AE40FF-1A21-414A-9FE7-3BE13644CC6D}.Release|x86.ActiveCfg = Release|Any CPU
		{A9AE40FF-1A21-414A-9FE7-3BE13644CC6D}.Release|x86.Build.0 = Release|Any CPU
		{FA712B74-D68A-4053-BB0F-A3ED1FBEABC1}.Debug Static Lib|Any CPU.ActiveCfg = Debug|Any CPU
		{FA712B74-D68A-4053-BB0F-A3ED1FBEABC1}.Debug Static Lib|Any CPU.Build.0 = Debug|Any CPU
		{FA712B74-D68A-4053-BB0F-A3ED1FBEABC1}.Debug Static Lib|Mixed Platforms.ActiveCfg = Debug|Any CPU
		{FA712B74-D68A-4053-BB0F-A3ED1FBEABC1}.Debug Static Lib|Mixed Platforms.Build.0 = Debug|Any CPU
		{FA712B74-D68A-4053-BB0F-A3ED1FBEABC1}.Debug Static Lib|Win32.ActiveCfg = Debug|Any CPU
		{FA712B74-D68A-4053-BB0F-A3ED1FBEABC1}.Debug Static Lib|Win32.Build.0 = Debug|Any CPU
		{FA712B74-D68A-4053-BB0F-A3ED1FBEABC1}.Debug Static Lib|x64.ActiveCfg = Debug|Any CPU
		{FA712B74-D68A-4053-BB0F-A3ED1FBEABC1}.Debug Static Lib|x64.Build.0 = Debug|Any CPU
		{FA712B74-D68A-4053-BB0F-A3ED1FBEABC1}.Debug Static Lib|x86.ActiveCfg = Debug|Any CPU
		{FA712B74-D68A-4053-BB0F-A3ED1FBEABC1}.Debug Static Lib|x86.Build.0 = Debug|Any CPU
		{FA712B74-D68A-4053-BB0F-A3ED1FBEABC1}.Debug|Any CPU.ActiveCfg = Debug|Any CPU
		{FA712B74-D68A-4053-BB0F-A3ED1FBEABC1}.Debug|Any CPU.Build.0 = Debug|Any CPU
		{FA712B74-D68A-4053-BB0F-A3ED1FBEABC1}.Debug|Mixed Platforms.ActiveCfg = Debug|Any CPU
		{FA712B74-D68A-4053-BB0F-A3ED1FBEABC1}.Debug|Mixed Platforms.Build.0 = Debug|Any CPU
		{FA712B74-D68A-4053-BB0F-A3ED1FBEABC1}.Debug|Win32.ActiveCfg = Debug|Any CPU
		{FA712B74-D68A-4053-BB0F-A3ED1FBEABC1}.Debug|Win32.Build.0 = Debug|Any CPU
		{FA712B74-D68A-4053-BB0F-A3ED1FBEABC1}.Debug|x64.ActiveCfg = Debug|Any CPU
		{FA712B74-D68A-4053-BB0F-A3ED1FBEABC1}.Debug|x64.Build.0 = Debug|Any CPU
		{FA712B74-D68A-4053-BB0F-A3ED1FBEABC1}.Debug|x86.ActiveCfg = Debug|Any CPU
		{FA712B74-D68A-4053-BB0F-A3ED1FBEABC1}.Debug|x86.Build.0 = Debug|Any CPU
		{FA712B74-D68A-4053-BB0F-A3ED1FBEABC1}.Release Static Lib|Any CPU.ActiveCfg = Release|Any CPU
		{FA712B74-D68A-4053-BB0F-A3ED1FBEABC1}.Release Static Lib|Any CPU.Build.0 = Release|Any CPU
		{FA712B74-D68A-4053-BB0F-A3ED1FBEABC1}.Release Static Lib|Mixed Platforms.ActiveCfg = Release|Any CPU
		{FA712B74-D68A-4053-BB0F-A3ED1FBEABC1}.Release Static Lib|Mixed Platforms.Build.0 = Release|Any CPU
		{FA712B74-D68A-4053-BB0F-A3ED1FBEABC1}.Release Static Lib|Win32.ActiveCfg = Release|Any CPU
		{FA712B74-D68A-4053-BB0F-A3ED1FBEABC1}.Release Static Lib|Win32.Build.0 = Release|Any CPU
		{FA712B74-D68A-4053-BB0F-A3ED1FBEABC1}.Release Static Lib|x64.ActiveCfg = Release|Any CPU
		{FA712B74-D68A-4053-BB0F-A3ED1FBEABC1}.Release Static Lib|x64.Build.0 = Release|Any CPU
		{FA712B74-D68A-4053-BB0F-A3ED1FBEABC1}.Release Static Lib|x86.ActiveCfg = Release|Any CPU
		{FA712B74-D68A-4053-BB0F-A3ED1FBEABC1}.Release Static Lib|x86.Build.0 = Release|Any CPU
		{FA712B74-D68A-4053-BB0F-A3ED1FBEABC1}.Release|Any CPU.ActiveCfg = Release|Any CPU
		{FA712B74-D68A-4053-BB0F-A3ED1FBEABC1}.Release|Any CPU.Build.0 = Release|Any CPU
		{FA712B74-D68A-4053-BB0F-A3ED1FBEABC1}.Release|Mixed Platforms.ActiveCfg = Release|Any CPU
		{FA712B74-D68A-4053-BB0F-A3ED1FBEABC1}.Release|Mixed Platforms.Build.0 = Release|Any CPU
		{FA712B74-D68A-4053-BB0F-A3ED1FBEABC1}.Release|Win32.ActiveCfg = Release|Any CPU
		{FA712B74-D68A-4053-BB0F-A3ED1FBEABC1}.Release|Win32.Build.0 = Release|Any CPU
		{FA712B74-D68A-4053-BB0F-A3ED1FBEABC1}.Release|x64.ActiveCfg = Release|Any CPU
		{FA712B74-D68A-4053-BB0F-A3ED1FBEABC1}.Release|x64.Build.0 = Release|Any CPU
		{FA712B74-D68A-4053-BB0F-A3ED1FBEABC1}.Release|x86.ActiveCfg = Release|Any CPU
		{FA712B74-D68A-4053-BB0F-A3ED1FBEABC1}.Release|x86.Build.0 = Release|Any CPU
	EndGlobalSection
	GlobalSection(SolutionProperties) = preSolution
		HideSolutionNode = FALSE
	EndGlobalSection
EndGlobal
